
Microsoft Visual Studio Solution File, Format Version 12.00
# Visual Studio Version 16
VisualStudioVersion = 16.0.30309.148
MinimumVisualStudioVersion = 10.0.40219.1
Project("{FAE04EC0-301F-11D3-BF4B-00C04F79EFBC}") = "PesquisaAPI", "PesquisaAPI\PesquisaAPI.csproj", "{A9A4C648-E953-4482-9CDF-10280C162CC9}"
EndProject
Global
	GlobalSection(SolutionConfigurationPlatforms) = preSolution
		Debug|Any CPU = Debug|Any CPU
		Release|Any CPU = Release|Any CPU
	EndGlobalSection
	GlobalSection(ProjectConfigurationPlatforms) = postSolution
		{A9A4C648-E953-4482-9CDF-10280C162CC9}.Debug|Any CPU.ActiveCfg = Debug|Any CPU
		{A9A4C648-E953-4482-9CDF-10280C162CC9}.Debug|Any CPU.Build.0 = Debug|Any CPU
		{A9A4C648-E953-4482-9CDF-10280C162CC9}.Release|Any CPU.ActiveCfg = Release|Any CPU
		{A9A4C648-E953-4482-9CDF-10280C162CC9}.Release|Any CPU.Build.0 = Release|Any CPU
	EndGlobalSection
	GlobalSection(SolutionProperties) = preSolution
		HideSolutionNode = FALSE
	EndGlobalSection
	GlobalSection(ExtensibilityGlobals) = postSolution
		SolutionGuid = {37B77012-530F-42D2-B914-A2DA9C7C4DE3}
	EndGlobalSection
EndGlobal
